
Microsoft Visual Studio Solution File, Format Version 12.00
# Visual Studio 15
VisualStudioVersion = 15.0.28307.572
MinimumVisualStudioVersion = 10.0.40219.1
Project("{FAE04EC0-301F-11D3-BF4B-00C04F79EFBC}") = "BankApp", "WindowsFormsApp1\BankApp.csproj", "{FAEC1B80-A6BE-4B84-B544-967ED036F88A}"
EndProject
Global
	GlobalSection(SolutionConfigurationPlatforms) = preSolution
		Debug|Any CPU = Debug|Any CPU
		Release|Any CPU = Release|Any CPU
	EndGlobalSection
	GlobalSection(ProjectConfigurationPlatforms) = postSolution
		{FAEC1B80-A6BE-4B84-B544-967ED036F88A}.Debug|Any CPU.ActiveCfg = Debug|Any CPU
		{FAEC1B80-A6BE-4B84-B544-967ED036F88A}.Debug|Any CPU.Build.0 = Debug|Any CPU
		{FAEC1B80-A6BE-4B84-B544-967ED036F88A}.Release|Any CPU.ActiveCfg = Release|Any CPU
		{FAEC1B80-A6BE-4B84-B544-967ED036F88A}.Release|Any CPU.Build.0 = Release|Any CPU
	EndGlobalSection
	GlobalSection(SolutionProperties) = preSolution
		HideSolutionNode = FALSE
	EndGlobalSection
	GlobalSection(ExtensibilityGlobals) = postSolution
		SolutionGuid = {F10D6C50-97F9-4AA4-88B9-2CACD8D2D81F}
	EndGlobalSection
EndGlobal
