
Microsoft Visual Studio Solution File, Format Version 12.00
# Visual Studio 15
VisualStudioVersion = 15.0.28307.572
MinimumVisualStudioVersion = 10.0.40219.1
Project("{FAE04EC0-301F-11D3-BF4B-00C04F79EFBC}") = "LibApp", "LibApp\LibApp.csproj", "{1C1C37EC-2B3E-41D2-BAC5-3065927E2200}"
EndProject
Project("{FAE04EC0-301F-11D3-BF4B-00C04F79EFBC}") = "LibApp.Models", "LibApp.Models\LibApp.Models.csproj", "{9F389B8B-3A34-4290-958A-260DEE5B3085}"
EndProject
Project("{FAE04EC0-301F-11D3-BF4B-00C04F79EFBC}") = "LibApp.BLL", "LibApp.BLL\LibApp.BLL.csproj", "{90850A2D-04AF-4470-AAA0-2960852E2E1F}"
EndProject
Project("{FAE04EC0-301F-11D3-BF4B-00C04F79EFBC}") = "LibApp.Repository", "LibApp.Repository\LibApp.Repository.csproj", "{DDD14EDF-7EF9-4C61-91CB-3CF8E3B06E3A}"
EndProject
Global
	GlobalSection(SolutionConfigurationPlatforms) = preSolution
		Debug|Any CPU = Debug|Any CPU
		Release|Any CPU = Release|Any CPU
	EndGlobalSection
	GlobalSection(ProjectConfigurationPlatforms) = postSolution
		{1C1C37EC-2B3E-41D2-BAC5-3065927E2200}.Debug|Any CPU.ActiveCfg = Debug|Any CPU
		{1C1C37EC-2B3E-41D2-BAC5-3065927E2200}.Debug|Any CPU.Build.0 = Debug|Any CPU
		{1C1C37EC-2B3E-41D2-BAC5-3065927E2200}.Release|Any CPU.ActiveCfg = Release|Any CPU
		{1C1C37EC-2B3E-41D2-BAC5-3065927E2200}.Release|Any CPU.Build.0 = Release|Any CPU
		{9F389B8B-3A34-4290-958A-260DEE5B3085}.Debug|Any CPU.ActiveCfg = Debug|Any CPU
		{9F389B8B-3A34-4290-958A-260DEE5B3085}.Debug|Any CPU.Build.0 = Debug|Any CPU
		{9F389B8B-3A34-4290-958A-260DEE5B3085}.Release|Any CPU.ActiveCfg = Release|Any CPU
		{9F389B8B-3A34-4290-958A-260DEE5B3085}.Release|Any CPU.Build.0 = Release|Any CPU
		{90850A2D-04AF-4470-AAA0-2960852E2E1F}.Debug|Any CPU.ActiveCfg = Debug|Any CPU
		{90850A2D-04AF-4470-AAA0-2960852E2E1F}.Debug|Any CPU.Build.0 = Debug|Any CPU
		{90850A2D-04AF-4470-AAA0-2960852E2E1F}.Release|Any CPU.ActiveCfg = Release|Any CPU
		{90850A2D-04AF-4470-AAA0-2960852E2E1F}.Release|Any CPU.Build.0 = Release|Any CPU
		{DDD14EDF-7EF9-4C61-91CB-3CF8E3B06E3A}.Debug|Any CPU.ActiveCfg = Debug|Any CPU
		{DDD14EDF-7EF9-4C61-91CB-3CF8E3B06E3A}.Debug|Any CPU.Build.0 = Debug|Any CPU
		{DDD14EDF-7EF9-4C61-91CB-3CF8E3B06E3A}.Release|Any CPU.ActiveCfg = Release|Any CPU
		{DDD14EDF-7EF9-4C61-91CB-3CF8E3B06E3A}.Release|Any CPU.Build.0 = Release|Any CPU
	EndGlobalSection
	GlobalSection(SolutionProperties) = preSolution
		HideSolutionNode = FALSE
	EndGlobalSection
	GlobalSection(ExtensibilityGlobals) = postSolution
		SolutionGuid = {58C47076-7EA2-4017-8DD9-FE99440CAE56}
	EndGlobalSection
EndGlobal
